{
  "nodes": {
    "catppuccin-theme-park": {
      "flake": false,
      "locked": {
        "lastModified": 1702845443,
        "narHash": "sha256-6C4awzW7b5TG26lnJTKMlZfMmwmbJQiEKhy6i76kiUk=",
        "owner": "catppuccin",
        "repo": "theme.park",
        "rev": "5d462d10fef50feb3f6cae447d64e55826cb52df",
        "type": "github"
      },
      "original": {
        "owner": "catppuccin",
        "repo": "theme.park",
        "type": "github"
      }
    },
    "flake-utils": {
      "inputs": {
        "systems": "systems"
      },
      "locked": {
        "lastModified": 1701680307,
        "narHash": "sha256-kAuep2h5ajznlPMD9rnQyffWG8EM/C73lejGofXvdM8=",
        "owner": "numtide",
        "repo": "flake-utils",
        "rev": "4022d587cbbfd70fe950c1e2083a02621806a725",
        "type": "github"
      },
      "original": {
        "owner": "numtide",
        "repo": "flake-utils",
        "type": "github"
      }
    },
    "mmproxy": {
      "flake": false,
      "locked": {
        "lastModified": 1641486126,
        "narHash": "sha256-elus7Jh4ZPZGNnY5FgCC34qBXVvmU+TovlRFW67UFNk=",
        "owner": "cloudflare",
        "repo": "mmproxy",
        "rev": "ac4b6083dc180758b3caf15b64a157f8ce5199c7",
        "type": "github"
      },
      "original": {
        "owner": "cloudflare",
        "repo": "mmproxy",
        "type": "github"
      }
    },
    "nixlib": {
      "locked": {
        "lastModified": 1693701915,
        "narHash": "sha256-waHPLdDYUOHSEtMKKabcKIMhlUOHPOOPQ9UyFeEoovs=",
        "owner": "nix-community",
        "repo": "nixpkgs.lib",
        "rev": "f5af57d3ef9947a70ac86e42695231ac1ad00c25",
        "type": "github"
      },
      "original": {
        "owner": "nix-community",
        "repo": "nixpkgs.lib",
        "type": "github"
      }
    },
    "nixos-generators": {
      "inputs": {
        "nixlib": "nixlib",
        "nixpkgs": [
          "nixpkgs"
        ]
      },
      "locked": {
        "lastModified": 1701689616,
        "narHash": "sha256-ewnfgvRy73HoP5KnYmy1Rcr4m4yShvsb6TCCaKoW8pc=",
        "owner": "nix-community",
        "repo": "nixos-generators",
        "rev": "246219bc21b943c6f6812bb7744218ba0df08600",
        "type": "github"
      },
      "original": {
        "owner": "nix-community",
        "repo": "nixos-generators",
        "type": "github"
      }
    },
    "nixpkgs": {
      "locked": {
        "lastModified": 1701282334,
        "narHash": "sha256-MxCVrXY6v4QmfTwIysjjaX0XUhqBbxTWWB4HXtDYsdk=",
        "owner": "NixOS",
        "repo": "nixpkgs",
        "rev": "057f9aecfb71c4437d2b27d3323df7f93c010b7e",
        "type": "github"
      },
      "original": {
        "owner": "NixOS",
        "ref": "23.11",
        "repo": "nixpkgs",
        "type": "github"
      }
    },
    "nixpkgs-stable": {
      "locked": {
        "lastModified": 1703950681,
        "narHash": "sha256-veU5bE4eLOmi7aOzhE7LfZXcSOONRMay0BKv01WHojo=",
        "owner": "NixOS",
        "repo": "nixpkgs",
        "rev": "0aad9113182747452dbfc68b93c86e168811fa6c",
        "type": "github"
      },
      "original": {
        "owner": "NixOS",
        "ref": "release-23.05",
        "repo": "nixpkgs",
        "type": "github"
      }
    },
    "root": {
      "inputs": {
        "catppuccin-theme-park": "catppuccin-theme-park",
        "flake-utils": "flake-utils",
        "mmproxy": "mmproxy",
        "nixos-generators": "nixos-generators",
        "nixpkgs": "nixpkgs",
        "sops-nix": "sops-nix"
      }
    },
    "sops-nix": {
      "inputs": {
        "nixpkgs": [
          "nixpkgs"
        ],
        "nixpkgs-stable": "nixpkgs-stable"
      },
      "locked": {
        "lastModified": 1703991717,
        "narHash": "sha256-XfBg2dmDJXPQEB8EdNBnzybvnhswaiAkUeeDj7fa/hQ=",
        "owner": "Mic92",
        "repo": "sops-nix",
        "rev": "cfdbaf68d00bc2f9e071f17ae77be4b27ff72fa6",
        "type": "github"
      },
      "original": {
        "owner": "Mic92",
        "repo": "sops-nix",
        "type": "github"
      }
    },
    "systems": {
      "locked": {
        "lastModified": 1681028828,
        "narHash": "sha256-Vy1rq5AaRuLzOxct8nz4T6wlgyUR7zLU309k9mBC768=",
        "owner": "nix-systems",
        "repo": "default",
        "rev": "da67096a3b9bf56a91d16901293e51ba5b49a27e",
        "type": "github"
      },
      "original": {
        "owner": "nix-systems",
        "repo": "default",
        "type": "github"
      }
    }
  },
  "root": "root",
  "version": 7
}
